[ "cowboy": {:git, "git://github.com/extend/cowboy.git", "5e5d8ab299a451ffbf0552bc2190a5fcbec08c16", []},
  "erlport": {:git, "git://github.com/hdima/erlport.git", "2bd9f3777317d3a6e2e474c1c91bbf29892c0bdc", []},
  "poolboy": {:git, "git://github.com/devinus/poolboy.git", "91b68de43d49bcccf2631016febda70b20d7aa75", []},
  "ranch": {:git, "git://github.com/extend/ranch.git", "4f70a16bbe08e446e8fec248ca345d5f8e7df038", [{:ref, "0.8.4"}]} ]
